
Microsoft Visual Studio Solution File, Format Version 12.00
# Visual Studio Version 17
VisualStudioVersion = 17.13.35806.99
MinimumVisualStudioVersion = 10.0.40219.1
Project("{FAE04EC0-301F-11D3-BF4B-00C04F79EFBC}") = "WebApplication1", "WebApplication1\WebApplication1.csproj", "{A2694C0A-4C64-4D5B-8818-5D588E477379}"
EndProject
Project("{FAE04EC0-301F-11D3-BF4B-00C04F79EFBC}") = "DataAccess", "DataAccess\DataAccess.csproj", "{C31D7189-5102-45C1-9506-019EAC49F9F5}"
EndProject
Project("{FAE04EC0-301F-11D3-BF4B-00C04F79EFBC}") = "Models", "Models\Models.csproj", "{4713207F-BCAC-4708-830A-D364EA0D8D08}"
EndProject
Project("{FAE04EC0-301F-11D3-BF4B-00C04F79EFBC}") = "Utillity", "Utillity\Utillity.csproj", "{23D723E4-5BE0-43E7-9DA1-B9A5FD844F52}"
EndProject
Project("{FAE04EC0-301F-11D3-BF4B-00C04F79EFBC}") = "DI.Service.Lifetime", "DI.Service.Lifetime\DI.Service.Lifetime.csproj", "{2271EA22-460B-4F7F-B7BE-FE133AA4E57B}"
EndProject
Global
	GlobalSection(SolutionConfigurationPlatforms) = preSolution
		Debug|Any CPU = Debug|Any CPU
		Release|Any CPU = Release|Any CPU
	EndGlobalSection
	GlobalSection(ProjectConfigurationPlatforms) = postSolution
		{A2694C0A-4C64-4D5B-8818-5D588E477379}.Debug|Any CPU.ActiveCfg = Debug|Any CPU
		{A2694C0A-4C64-4D5B-8818-5D588E477379}.Debug|Any CPU.Build.0 = Debug|Any CPU
		{A2694C0A-4C64-4D5B-8818-5D588E477379}.Release|Any CPU.ActiveCfg = Release|Any CPU
		{A2694C0A-4C64-4D5B-8818-5D588E477379}.Release|Any CPU.Build.0 = Release|Any CPU
		{C31D7189-5102-45C1-9506-019EAC49F9F5}.Debug|Any CPU.ActiveCfg = Debug|Any CPU
		{C31D7189-5102-45C1-9506-019EAC49F9F5}.Debug|Any CPU.Build.0 = Debug|Any CPU
		{C31D7189-5102-45C1-9506-019EAC49F9F5}.Release|Any CPU.ActiveCfg = Release|Any CPU
		{C31D7189-5102-45C1-9506-019EAC49F9F5}.Release|Any CPU.Build.0 = Release|Any CPU
		{4713207F-BCAC-4708-830A-D364EA0D8D08}.Debug|Any CPU.ActiveCfg = Debug|Any CPU
		{4713207F-BCAC-4708-830A-D364EA0D8D08}.Debug|Any CPU.Build.0 = Debug|Any CPU
		{4713207F-BCAC-4708-830A-D364EA0D8D08}.Release|Any CPU.ActiveCfg = Release|Any CPU
		{4713207F-BCAC-4708-830A-D364EA0D8D08}.Release|Any CPU.Build.0 = Release|Any CPU
		{23D723E4-5BE0-43E7-9DA1-B9A5FD844F52}.Debug|Any CPU.ActiveCfg = Debug|Any CPU
		{23D723E4-5BE0-43E7-9DA1-B9A5FD844F52}.Debug|Any CPU.Build.0 = Debug|Any CPU
		{23D723E4-5BE0-43E7-9DA1-B9A5FD844F52}.Release|Any CPU.ActiveCfg = Release|Any CPU
		{23D723E4-5BE0-43E7-9DA1-B9A5FD844F52}.Release|Any CPU.Build.0 = Release|Any CPU
		{2271EA22-460B-4F7F-B7BE-FE133AA4E57B}.Debug|Any CPU.ActiveCfg = Debug|Any CPU
		{2271EA22-460B-4F7F-B7BE-FE133AA4E57B}.Debug|Any CPU.Build.0 = Debug|Any CPU
		{2271EA22-460B-4F7F-B7BE-FE133AA4E57B}.Release|Any CPU.ActiveCfg = Release|Any CPU
		{2271EA22-460B-4F7F-B7BE-FE133AA4E57B}.Release|Any CPU.Build.0 = Release|Any CPU
	EndGlobalSection
	GlobalSection(SolutionProperties) = preSolution
		HideSolutionNode = FALSE
	EndGlobalSection
	GlobalSection(ExtensibilityGlobals) = postSolution
		SolutionGuid = {EE95663F-22E1-465F-8A20-11BB0362FB3C}
	EndGlobalSection
EndGlobal
